
Microsoft Visual Studio Solution File, Format Version 12.00
# Visual Studio Version 17
VisualStudioVersion = 17.7.34024.191
MinimumVisualStudioVersion = 10.0.40219.1
Project("{FAE04EC0-301F-11D3-BF4B-00C04F79EFBC}") = "Tratamento_De_Execucoes", "Tratamento_De_Execucoes\Tratamento_De_Execucoes.csproj", "{B08EA27C-A151-4641-82AE-2D04DFF8D5A2}"
EndProject
Global
	GlobalSection(SolutionConfigurationPlatforms) = preSolution
		Debug|Any CPU = Debug|Any CPU
		Release|Any CPU = Release|Any CPU
	EndGlobalSection
	GlobalSection(ProjectConfigurationPlatforms) = postSolution
		{B08EA27C-A151-4641-82AE-2D04DFF8D5A2}.Debug|Any CPU.ActiveCfg = Debug|Any CPU
		{B08EA27C-A151-4641-82AE-2D04DFF8D5A2}.Debug|Any CPU.Build.0 = Debug|Any CPU
		{B08EA27C-A151-4641-82AE-2D04DFF8D5A2}.Release|Any CPU.ActiveCfg = Release|Any CPU
		{B08EA27C-A151-4641-82AE-2D04DFF8D5A2}.Release|Any CPU.Build.0 = Release|Any CPU
	EndGlobalSection
	GlobalSection(SolutionProperties) = preSolution
		HideSolutionNode = FALSE
	EndGlobalSection
	GlobalSection(ExtensibilityGlobals) = postSolution
		SolutionGuid = {FA4FAB6C-313D-450D-86A5-93A541D14A9B}
	EndGlobalSection
EndGlobal
